
Microsoft Visual Studio Solution File, Format Version 12.00
# Visual Studio Version 16
VisualStudioVersion = 16.0.28711.60
MinimumVisualStudioVersion = 10.0.40219.1
Project("{9092AA53-FB77-4645-B42D-1CCCA6BD08BD}") = "NodejsWebApp1", "NodejsWebApp1\NodejsWebApp1.njsproj", "{087B75D8-4A71-4FC1-A0FF-26806475E542}"
EndProject
Global
	GlobalSection(SolutionConfigurationPlatforms) = preSolution
		Debug|Any CPU = Debug|Any CPU
		Release|Any CPU = Release|Any CPU
	EndGlobalSection
	GlobalSection(ProjectConfigurationPlatforms) = postSolution
		{087B75D8-4A71-4FC1-A0FF-26806475E542}.Debug|Any CPU.ActiveCfg = Debug|Any CPU
		{087B75D8-4A71-4FC1-A0FF-26806475E542}.Debug|Any CPU.Build.0 = Debug|Any CPU
		{087B75D8-4A71-4FC1-A0FF-26806475E542}.Release|Any CPU.ActiveCfg = Release|Any CPU
		{087B75D8-4A71-4FC1-A0FF-26806475E542}.Release|Any CPU.Build.0 = Release|Any CPU
	EndGlobalSection
	GlobalSection(SolutionProperties) = preSolution
		HideSolutionNode = FALSE
	EndGlobalSection
	GlobalSection(ExtensibilityGlobals) = postSolution
		SolutionGuid = {3DBFA0B0-A080-4CB9-8A42-D1F52ABB70C7}
	EndGlobalSection
EndGlobal
